
Microsoft Visual Studio Solution File, Format Version 12.00
# Visual Studio 15
VisualStudioVersion = 15.0.28307.106
MinimumVisualStudioVersion = 10.0.40219.1
Project("{888888A0-9F3D-457C-B088-3A5042F75D52}") = "BasisProject", "BasisProject\BasisProject.pyproj", "{B496185F-283E-48F5-9A4F-3C965C0BBE9C}"
EndProject
Global
	GlobalSection(SolutionConfigurationPlatforms) = preSolution
		Debug|Any CPU = Debug|Any CPU
		Release|Any CPU = Release|Any CPU
	EndGlobalSection
	GlobalSection(ProjectConfigurationPlatforms) = postSolution
		{B496185F-283E-48F5-9A4F-3C965C0BBE9C}.Debug|Any CPU.ActiveCfg = Debug|Any CPU
		{B496185F-283E-48F5-9A4F-3C965C0BBE9C}.Debug|Any CPU.Build.0 = Debug|Any CPU
		{B496185F-283E-48F5-9A4F-3C965C0BBE9C}.Release|Any CPU.ActiveCfg = Release|Any CPU
		{B496185F-283E-48F5-9A4F-3C965C0BBE9C}.Release|Any CPU.Build.0 = Release|Any CPU
	EndGlobalSection
	GlobalSection(SolutionProperties) = preSolution
		HideSolutionNode = FALSE
	EndGlobalSection
	GlobalSection(ExtensibilityGlobals) = postSolution
		SolutionGuid = {866DE67C-12F0-4DAC-8B90-02559225F5A7}
	EndGlobalSection
EndGlobal
